<?xml version="1.0" encoding="UTF-8"?>
<!DOCTYPE plist PUBLIC "-//Apple//DTD PLIST 1.0//EN" "http://www.apple.com/DTDs/PropertyList-1.0.dtd">
<plist version="1.0">
<dict>
	<key>archiveVersion</key>
	<string>1</string>
	<key>classes</key>
	<dict/>
	<key>objectVersion</key>
	<string>46</string>
	<key>objects</key>
	<dict>
		<key>1C3607B9615A40C3937EE334</key>
		<dict>
			<key>explicitFileType</key>
			<string>archive.ar</string>
			<key>includeInIndex</key>
			<string>0</string>
			<key>isa</key>
			<string>PBXFileReference</string>
			<key>path</key>
			<string>libPods-HelloThere.a</string>
			<key>sourceTree</key>
			<string>BUILT_PRODUCTS_DIR</string>
		</dict>
		<key>4B6C414974F744DEB61A0305</key>
		<dict>
			<key>fileRef</key>
			<string>1C3607B9615A40C3937EE334</string>
			<key>isa</key>
			<string>PBXBuildFile</string>
		</dict>
		<key>50797FB919ACF242006CFB17</key>
		<dict>
			<key>children</key>
			<array>
				<string>50797FCD19ACF242006CFB17</string>
				<string>50797FEA19ACF242006CFB17</string>
				<string>50797FC419ACF242006CFB17</string>
				<string>50797FC319ACF242006CFB17</string>
				<string>A002CC68C21C4090BBA2B49D</string>
			</array>
			<key>isa</key>
			<string>PBXGroup</string>
			<key>sourceTree</key>
			<string>&lt;group&gt;</string>
		</dict>
		<key>50797FBA19ACF242006CFB17</key>
		<dict>
			<key>attributes</key>
			<dict>
				<key>CLASSPREFIX</key>
				<string>_</string>
				<key>LastUpgradeCheck</key>
				<string>0510</string>
				<key>ORGANIZATIONNAME</key>
				<string>debona</string>
				<key>TargetAttributes</key>
				<dict>
					<key>50797FE119ACF242006CFB17</key>
					<dict>
						<key>TestTargetID</key>
						<string>50797FC119ACF242006CFB17</string>
					</dict>
				</dict>
			</dict>
			<key>buildConfigurationList</key>
			<string>50797FBD19ACF242006CFB17</string>
			<key>compatibilityVersion</key>
			<string>Xcode 3.2</string>
			<key>developmentRegion</key>
			<string>English</string>
			<key>hasScannedForEncodings</key>
			<string>0</string>
			<key>isa</key>
			<string>PBXProject</string>
			<key>knownRegions</key>
			<array>
				<string>en</string>
			</array>
			<key>mainGroup</key>
			<string>50797FB919ACF242006CFB17</string>
			<key>productRefGroup</key>
			<string>50797FC319ACF242006CFB17</string>
			<key>projectDirPath</key>
			<string></string>
			<key>projectReferences</key>
			<array/>
			<key>projectRoot</key>
			<string></string>
			<key>targets</key>
			<array>
				<string>50797FC119ACF242006CFB17</string>
				<string>50797FE119ACF242006CFB17</string>
			</array>
		</dict>
		<key>50797FBD19ACF242006CFB17</key>
		<dict>
			<key>buildConfigurations</key>
			<array>
				<string>50797FF219ACF242006CFB17</string>
				<string>50797FF319ACF242006CFB17</string>
			</array>
			<key>defaultConfigurationIsVisible</key>
			<string>0</string>
			<key>defaultConfigurationName</key>
			<string>Release</string>
			<key>isa</key>
			<string>XCConfigurationList</string>
		</dict>
		<key>50797FBE19ACF242006CFB17</key>
		<dict>
			<key>buildActionMask</key>
			<string>2147483647</string>
			<key>files</key>
			<array>
				<string>50797FD819ACF242006CFB17</string>
				<string>50797FDB19ACF242006CFB17</string>
				<string>50797FD419ACF242006CFB17</string>
			</array>
			<key>isa</key>
			<string>PBXSourcesBuildPhase</string>
			<key>runOnlyForDeploymentPostprocessing</key>
			<string>0</string>
		</dict>
		<key>50797FBF19ACF242006CFB17</key>
		<dict>
			<key>buildActionMask</key>
			<string>2147483647</string>
			<key>files</key>
			<array>
				<string>50797FC819ACF242006CFB17</string>
				<string>50797FCC19ACF242006CFB17</string>
				<string>50797FCA19ACF242006CFB17</string>
				<string>50797FC619ACF242006CFB17</string>
				<string>4B6C414974F744DEB61A0305</string>
			</array>
			<key>isa</key>
			<string>PBXFrameworksBuildPhase</string>
			<key>runOnlyForDeploymentPostprocessing</key>
			<string>0</string>
		</dict>
		<key>50797FC019ACF242006CFB17</key>
		<dict>
			<key>buildActionMask</key>
			<string>2147483647</string>
			<key>files</key>
			<array>
				<string>50797FD219ACF242006CFB17</string>
				<string>50797FDD19ACF242006CFB17</string>
			</array>
			<key>isa</key>
			<string>PBXResourcesBuildPhase</string>
			<key>runOnlyForDeploymentPostprocessing</key>
			<string>0</string>
		</dict>
		<key>50797FC119ACF242006CFB17</key>
		<dict>
			<key>buildConfigurationList</key>
			<string>50797FF419ACF242006CFB17</string>
			<key>buildPhases</key>
			<array>
				<string>D52CE27BBD2F46B292B24EC3</string>
				<string>50797FBE19ACF242006CFB17</string>
				<string>50797FBF19ACF242006CFB17</string>
				<string>50797FC019ACF242006CFB17</string>
				<string>CD92E3D48BFD4448A306FFC8</string>
			</array>
			<key>buildRules</key>
			<array/>
			<key>dependencies</key>
			<array/>
			<key>isa</key>
			<string>PBXNativeTarget</string>
			<key>name</key>
			<string>HelloThere</string>
			<key>productName</key>
			<string>HelloThere</string>
			<key>productReference</key>
			<string>50797FC219ACF242006CFB17</string>
			<key>productType</key>
			<string>com.apple.product-type.application</string>
		</dict>
		<key>50797FC219ACF242006CFB17</key>
		<dict>
			<key>explicitFileType</key>
			<string>wrapper.application</string>
			<key>includeInIndex</key>
			<string>0</string>
			<key>isa</key>
			<string>PBXFileReference</string>
			<key>path</key>
			<string>HelloThere.app</string>
			<key>sourceTree</key>
			<string>BUILT_PRODUCTS_DIR</string>
		</dict>
		<key>50797FC319ACF242006CFB17</key>
		<dict>
			<key>children</key>
			<array>
				<string>50797FC219ACF242006CFB17</string>
				<string>50797FE219ACF242006CFB17</string>
			</array>
			<key>isa</key>
			<string>PBXGroup</string>
			<key>name</key>
			<string>Products</string>
			<key>sourceTree</key>
			<string>&lt;group&gt;</string>
		</dict>
		<key>50797FC419ACF242006CFB17</key>
		<dict>
			<key>children</key>
			<array>
				<string>50797FC519ACF242006CFB17</string>
				<string>50797FC719ACF242006CFB17</string>
				<string>50797FC919ACF242006CFB17</string>
				<string>50797FCB19ACF242006CFB17</string>
				<string>50797FE319ACF242006CFB17</string>
				<string>1C3607B9615A40C3937EE334</string>
			</array>
			<key>isa</key>
			<string>PBXGroup</string>
			<key>name</key>
			<string>Frameworks</string>
			<key>sourceTree</key>
			<string>&lt;group&gt;</string>
		</dict>
		<key>50797FC519ACF242006CFB17</key>
		<dict>
			<key>isa</key>
			<string>PBXFileReference</string>
			<key>lastKnownFileType</key>
			<string>wrapper.framework</string>
			<key>name</key>
			<string>Foundation.framework</string>
			<key>path</key>
			<string>System/Library/Frameworks/Foundation.framework</string>
			<key>sourceTree</key>
			<string>SDKROOT</string>
		</dict>
		<key>50797FC619ACF242006CFB17</key>
		<dict>
			<key>fileRef</key>
			<string>50797FC519ACF242006CFB17</string>
			<key>isa</key>
			<string>PBXBuildFile</string>
		</dict>
		<key>50797FC719ACF242006CFB17</key>
		<dict>
			<key>isa</key>
			<string>PBXFileReference</string>
			<key>lastKnownFileType</key>
			<string>wrapper.framework</string>
			<key>name</key>
			<string>CoreGraphics.framework</string>
			<key>path</key>
			<string>System/Library/Frameworks/CoreGraphics.framework</string>
			<key>sourceTree</key>
			<string>SDKROOT</string>
		</dict>
		<key>50797FC819ACF242006CFB17</key>
		<dict>
			<key>fileRef</key>
			<string>50797FC719ACF242006CFB17</string>
			<key>isa</key>
			<string>PBXBuildFile</string>
		</dict>
		<key>50797FC919ACF242006CFB17</key>
		<dict>
			<key>isa</key>
			<string>PBXFileReference</string>
			<key>lastKnownFileType</key>
			<string>wrapper.framework</string>
			<key>name</key>
			<string>UIKit.framework</string>
			<key>path</key>
			<string>System/Library/Frameworks/UIKit.framework</string>
			<key>sourceTree</key>
			<string>SDKROOT</string>
		</dict>
		<key>50797FCA19ACF242006CFB17</key>
		<dict>
			<key>fileRef</key>
			<string>50797FC919ACF242006CFB17</string>
			<key>isa</key>
			<string>PBXBuildFile</string>
		</dict>
		<key>50797FCB19ACF242006CFB17</key>
		<dict>
			<key>isa</key>
			<string>PBXFileReference</string>
			<key>lastKnownFileType</key>
			<string>wrapper.framework</string>
			<key>name</key>
			<string>CoreData.framework</string>
			<key>path</key>
			<string>System/Library/Frameworks/CoreData.framework</string>
			<key>sourceTree</key>
			<string>SDKROOT</string>
		</dict>
		<key>50797FCC19ACF242006CFB17</key>
		<dict>
			<key>fileRef</key>
			<string>50797FCB19ACF242006CFB17</string>
			<key>isa</key>
			<string>PBXBuildFile</string>
		</dict>
		<key>50797FCD19ACF242006CFB17</key>
		<dict>
			<key>children</key>
			<array>
				<string>50797FD619ACF242006CFB17</string>
				<string>50797FD719ACF242006CFB17</string>
				<string>50797FDC19ACF242006CFB17</string>
				<string>50797FD919ACF242006CFB17</string>
				<string>50797FCE19ACF242006CFB17</string>
			</array>
			<key>isa</key>
			<string>PBXGroup</string>
			<key>path</key>
			<string>HelloThere</string>
			<key>sourceTree</key>
			<string>&lt;group&gt;</string>
		</dict>
		<key>50797FCE19ACF242006CFB17</key>
		<dict>
			<key>children</key>
			<array>
				<string>50797FCF19ACF242006CFB17</string>
				<string>50797FD019ACF242006CFB17</string>
				<string>50797FD319ACF242006CFB17</string>
				<string>50797FD519ACF242006CFB17</string>
			</array>
			<key>isa</key>
			<string>PBXGroup</string>
			<key>name</key>
			<string>Supporting Files</string>
			<key>sourceTree</key>
			<string>&lt;group&gt;</string>
		</dict>
		<key>50797FCF19ACF242006CFB17</key>
		<dict>
			<key>isa</key>
			<string>PBXFileReference</string>
			<key>lastKnownFileType</key>
			<string>text.plist.xml</string>
			<key>path</key>
			<string>HelloThere-Info.plist</string>
			<key>sourceTree</key>
			<string>&lt;group&gt;</string>
		</dict>
		<key>50797FD019ACF242006CFB17</key>
		<dict>
			<key>children</key>
			<array>
				<string>50797FD119ACF242006CFB17</string>
			</array>
			<key>isa</key>
			<string>PBXVariantGroup</string>
			<key>name</key>
			<string>InfoPlist.strings</string>
			<key>sourceTree</key>
			<string>&lt;group&gt;</string>
		</dict>
		<key>50797FD119ACF242006CFB17</key>
		<dict>
			<key>isa</key>
			<string>PBXFileReference</string>
			<key>lastKnownFileType</key>
			<string>text.plist.strings</string>
			<key>name</key>
			<string>en</string>
			<key>path</key>
			<string>en.lproj/InfoPlist.strings</string>
			<key>sourceTree</key>
			<string>&lt;group&gt;</string>
		</dict>
		<key>50797FD219ACF242006CFB17</key>
		<dict>
			<key>fileRef</key>
			<string>50797FD019ACF242006CFB17</string>
			<key>isa</key>
			<string>PBXBuildFile</string>
		</dict>
		<key>50797FD319ACF242006CFB17</key>
		<dict>
			<key>isa</key>
			<string>PBXFileReference</string>
			<key>lastKnownFileType</key>
			<string>sourcecode.c.objc</string>
			<key>path</key>
			<string>main.m</string>
			<key>sourceTree</key>
			<string>&lt;group&gt;</string>
		</dict>
		<key>50797FD419ACF242006CFB17</key>
		<dict>
			<key>fileRef</key>
			<string>50797FD319ACF242006CFB17</string>
			<key>isa</key>
			<string>PBXBuildFile</string>
		</dict>
		<key>50797FD519ACF242006CFB17</key>
		<dict>
			<key>isa</key>
			<string>PBXFileReference</string>
			<key>lastKnownFileType</key>
			<string>sourcecode.c.h</string>
			<key>path</key>
			<string>HelloThere-Prefix.pch</string>
			<key>sourceTree</key>
			<string>&lt;group&gt;</string>
		</dict>
		<key>50797FD619ACF242006CFB17</key>
		<dict>
			<key>isa</key>
			<string>PBXFileReference</string>
			<key>lastKnownFileType</key>
			<string>sourcecode.c.h</string>
			<key>path</key>
			<string>_AppDelegate.h</string>
			<key>sourceTree</key>
			<string>&lt;group&gt;</string>
		</dict>
		<key>50797FD719ACF242006CFB17</key>
		<dict>
			<key>isa</key>
			<string>PBXFileReference</string>
			<key>lastKnownFileType</key>
			<string>sourcecode.c.objc</string>
			<key>path</key>
			<string>_AppDelegate.m</string>
			<key>sourceTree</key>
			<string>&lt;group&gt;</string>
		</dict>
		<key>50797FD819ACF242006CFB17</key>
		<dict>
			<key>fileRef</key>
			<string>50797FD719ACF242006CFB17</string>
			<key>isa</key>
			<string>PBXBuildFile</string>
		</dict>
		<key>50797FD919ACF242006CFB17</key>
		<dict>
			<key>children</key>
			<array>
				<string>50797FDA19ACF242006CFB17</string>
			</array>
			<key>currentVersion</key>
			<string>50797FDA19ACF242006CFB17</string>
			<key>isa</key>
			<string>XCVersionGroup</string>
			<key>path</key>
			<string>HelloThere.xcdatamodeld</string>
			<key>sourceTree</key>
			<string>&lt;group&gt;</string>
			<key>versionGroupType</key>
			<string>wrapper.xcdatamodel</string>
		</dict>
		<key>50797FDA19ACF242006CFB17</key>
		<dict>
			<key>isa</key>
			<string>PBXFileReference</string>
			<key>lastKnownFileType</key>
			<string>wrapper.xcdatamodel</string>
			<key>path</key>
			<string>HelloThere.xcdatamodel</string>
			<key>sourceTree</key>
			<string>&lt;group&gt;</string>
		</dict>
		<key>50797FDB19ACF242006CFB17</key>
		<dict>
			<key>fileRef</key>
			<string>50797FD919ACF242006CFB17</string>
			<key>isa</key>
			<string>PBXBuildFile</string>
		</dict>
		<key>50797FDC19ACF242006CFB17</key>
		<dict>
			<key>isa</key>
			<string>PBXFileReference</string>
			<key>lastKnownFileType</key>
			<string>folder.assetcatalog</string>
			<key>path</key>
			<string>Images.xcassets</string>
			<key>sourceTree</key>
			<string>&lt;group&gt;</string>
		</dict>
		<key>50797FDD19ACF242006CFB17</key>
		<dict>
			<key>fileRef</key>
			<string>50797FDC19ACF242006CFB17</string>
			<key>isa</key>
			<string>PBXBuildFile</string>
		</dict>
		<key>50797FDE19ACF242006CFB17</key>
		<dict>
			<key>buildActionMask</key>
			<string>2147483647</string>
			<key>files</key>
			<array>
				<string>50797FF119ACF242006CFB17</string>
			</array>
			<key>isa</key>
			<string>PBXSourcesBuildPhase</string>
			<key>runOnlyForDeploymentPostprocessing</key>
			<string>0</string>
		</dict>
		<key>50797FDF19ACF242006CFB17</key>
		<dict>
			<key>buildActionMask</key>
			<string>2147483647</string>
			<key>files</key>
			<array>
				<string>50797FE419ACF242006CFB17</string>
				<string>50797FE719ACF242006CFB17</string>
				<string>50797FE619ACF242006CFB17</string>
				<string>50797FE519ACF242006CFB17</string>
			</array>
			<key>isa</key>
			<string>PBXFrameworksBuildPhase</string>
			<key>runOnlyForDeploymentPostprocessing</key>
			<string>0</string>
		</dict>
		<key>50797FE019ACF242006CFB17</key>
		<dict>
			<key>buildActionMask</key>
			<string>2147483647</string>
			<key>files</key>
			<array>
				<string>50797FEF19ACF242006CFB17</string>
			</array>
			<key>isa</key>
			<string>PBXResourcesBuildPhase</string>
			<key>runOnlyForDeploymentPostprocessing</key>
			<string>0</string>
		</dict>
		<key>50797FE119ACF242006CFB17</key>
		<dict>
			<key>buildConfigurationList</key>
			<string>50797FF719ACF242006CFB17</string>
			<key>buildPhases</key>
			<array>
				<string>50797FDE19ACF242006CFB17</string>
				<string>50797FDF19ACF242006CFB17</string>
				<string>50797FE019ACF242006CFB17</string>
			</array>
			<key>buildRules</key>
			<array/>
			<key>dependencies</key>
			<array>
				<string>50797FE919ACF242006CFB17</string>
			</array>
			<key>isa</key>
			<string>PBXNativeTarget</string>
			<key>name</key>
			<string>HelloThereTests</string>
			<key>productName</key>
			<string>HelloThereTests</string>
			<key>productReference</key>
			<string>50797FE219ACF242006CFB17</string>
			<key>productType</key>
			<string>com.apple.product-type.bundle.unit-test</string>
		</dict>
		<key>50797FE219ACF242006CFB17</key>
		<dict>
			<key>explicitFileType</key>
			<string>wrapper.cfbundle</string>
			<key>includeInIndex</key>
			<string>0</string>
			<key>isa</key>
			<string>PBXFileReference</string>
			<key>path</key>
			<string>HelloThereTests.xctest</string>
			<key>sourceTree</key>
			<string>BUILT_PRODUCTS_DIR</string>
		</dict>
		<key>50797FE319ACF242006CFB17</key>
		<dict>
			<key>isa</key>
			<string>PBXFileReference</string>
			<key>lastKnownFileType</key>
			<string>wrapper.framework</string>
			<key>name</key>
			<string>XCTest.framework</string>
			<key>path</key>
			<string>Library/Frameworks/XCTest.framework</string>
			<key>sourceTree</key>
			<string>DEVELOPER_DIR</string>
		</dict>
		<key>50797FE419ACF242006CFB17</key>
		<dict>
			<key>fileRef</key>
			<string>50797FE319ACF242006CFB17</string>
			<key>isa</key>
			<string>PBXBuildFile</string>
		</dict>
		<key>50797FE519ACF242006CFB17</key>
		<dict>
			<key>fileRef</key>
			<string>50797FC519ACF242006CFB17</string>
			<key>isa</key>
			<string>PBXBuildFile</string>
		</dict>
		<key>50797FE619ACF242006CFB17</key>
		<dict>
			<key>fileRef</key>
			<string>50797FC919ACF242006CFB17</string>
			<key>isa</key>
			<string>PBXBuildFile</string>
		</dict>
		<key>50797FE719ACF242006CFB17</key>
		<dict>
			<key>fileRef</key>
			<string>50797FCB19ACF242006CFB17</string>
			<key>isa</key>
			<string>PBXBuildFile</string>
		</dict>
		<key>50797FE819ACF242006CFB17</key>
		<dict>
			<key>containerPortal</key>
			<string>50797FBA19ACF242006CFB17</string>
			<key>isa</key>
			<string>PBXContainerItemProxy</string>
			<key>proxyType</key>
			<string>1</string>
			<key>remoteGlobalIDString</key>
			<string>50797FC119ACF242006CFB17</string>
			<key>remoteInfo</key>
			<string>HelloThere</string>
		</dict>
		<key>50797FE919ACF242006CFB17</key>
		<dict>
			<key>isa</key>
			<string>PBXTargetDependency</string>
			<key>target</key>
			<string>50797FC119ACF242006CFB17</string>
			<key>targetProxy</key>
			<string>50797FE819ACF242006CFB17</string>
		</dict>
		<key>50797FEA19ACF242006CFB17</key>
		<dict>
			<key>children</key>
			<array>
				<string>50797FF019ACF242006CFB17</string>
				<string>50797FEB19ACF242006CFB17</string>
			</array>
			<key>isa</key>
			<string>PBXGroup</string>
			<key>path</key>
			<string>HelloThereTests</string>
			<key>sourceTree</key>
			<string>&lt;group&gt;</string>
		</dict>
		<key>50797FEB19ACF242006CFB17</key>
		<dict>
			<key>children</key>
			<array>
				<string>50797FEC19ACF242006CFB17</string>
				<string>50797FED19ACF242006CFB17</string>
			</array>
			<key>isa</key>
			<string>PBXGroup</string>
			<key>name</key>
			<string>Supporting Files</string>
			<key>sourceTree</key>
			<string>&lt;group&gt;</string>
		</dict>
		<key>50797FEC19ACF242006CFB17</key>
		<dict>
			<key>isa</key>
			<string>PBXFileReference</string>
			<key>lastKnownFileType</key>
			<string>text.plist.xml</string>
			<key>path</key>
			<string>HelloThereTests-Info.plist</string>
			<key>sourceTree</key>
			<string>&lt;group&gt;</string>
		</dict>
		<key>50797FED19ACF242006CFB17</key>
		<dict>
			<key>children</key>
			<array>
				<string>50797FEE19ACF242006CFB17</string>
			</array>
			<key>isa</key>
			<string>PBXVariantGroup</string>
			<key>name</key>
			<string>InfoPlist.strings</string>
			<key>sourceTree</key>
			<string>&lt;group&gt;</string>
		</dict>
		<key>50797FEE19ACF242006CFB17</key>
		<dict>
			<key>isa</key>
			<string>PBXFileReference</string>
			<key>lastKnownFileType</key>
			<string>text.plist.strings</string>
			<key>name</key>
			<string>en</string>
			<key>path</key>
			<string>en.lproj/InfoPlist.strings</string>
			<key>sourceTree</key>
			<string>&lt;group&gt;</string>
		</dict>
		<key>50797FEF19ACF242006CFB17</key>
		<dict>
			<key>fileRef</key>
			<string>50797FED19ACF242006CFB17</string>
			<key>isa</key>
			<string>PBXBuildFile</string>
		</dict>
		<key>50797FF019ACF242006CFB17</key>
		<dict>
			<key>isa</key>
			<string>PBXFileReference</string>
			<key>lastKnownFileType</key>
			<string>sourcecode.c.objc</string>
			<key>path</key>
			<string>HelloThereTests.m</string>
			<key>sourceTree</key>
			<string>&lt;group&gt;</string>
		</dict>
		<key>50797FF119ACF242006CFB17</key>
		<dict>
			<key>fileRef</key>
			<string>50797FF019ACF242006CFB17</string>
			<key>isa</key>
			<string>PBXBuildFile</string>
		</dict>
		<key>50797FF219ACF242006CFB17</key>
		<dict>
			<key>buildSettings</key>
			<dict>
				<key>ALWAYS_SEARCH_USER_PATHS</key>
				<string>NO</string>
				<key>CLANG_CXX_LANGUAGE_STANDARD</key>
				<string>gnu++0x</string>
				<key>CLANG_CXX_LIBRARY</key>
				<string>libc++</string>
				<key>CLANG_ENABLE_MODULES</key>
				<string>YES</string>
				<key>CLANG_ENABLE_OBJC_ARC</key>
				<string>YES</string>
				<key>CLANG_WARN_BOOL_CONVERSION</key>
				<string>YES</string>
				<key>CLANG_WARN_CONSTANT_CONVERSION</key>
				<string>YES</string>
				<key>CLANG_WARN_DIRECT_OBJC_ISA_USAGE</key>
				<string>YES_ERROR</string>
				<key>CLANG_WARN_EMPTY_BODY</key>
				<string>YES</string>
				<key>CLANG_WARN_ENUM_CONVERSION</key>
				<string>YES</string>
				<key>CLANG_WARN_INT_CONVERSION</key>
				<string>YES</string>
				<key>CLANG_WARN_OBJC_ROOT_CLASS</key>
				<string>YES_ERROR</string>
				<key>CLANG_WARN__DUPLICATE_METHOD_MATCH</key>
				<string>YES</string>
				<key>CODE_SIGN_IDENTITY[sdk=iphoneos*]</key>
				<string>iPhone Developer</string>
				<key>COPY_PHASE_STRIP</key>
				<string>NO</string>
				<key>GCC_C_LANGUAGE_STANDARD</key>
				<string>gnu99</string>
				<key>GCC_DYNAMIC_NO_PIC</key>
				<string>NO</string>
				<key>GCC_OPTIMIZATION_LEVEL</key>
				<string>0</string>
				<key>GCC_PREPROCESSOR_DEFINITIONS</key>
				<array>
					<string>DEBUG=1</string>
					<string>$(inherited)</string>
				</array>
				<key>GCC_SYMBOLS_PRIVATE_EXTERN</key>
				<string>NO</string>
				<key>GCC_WARN_64_TO_32_BIT_CONVERSION</key>
				<string>YES</string>
				<key>GCC_WARN_ABOUT_RETURN_TYPE</key>
				<string>YES_ERROR</string>
				<key>GCC_WARN_UNDECLARED_SELECTOR</key>
				<string>YES</string>
				<key>GCC_WARN_UNINITIALIZED_AUTOS</key>
				<string>YES_AGGRESSIVE</string>
				<key>GCC_WARN_UNUSED_FUNCTION</key>
				<string>YES</string>
				<key>GCC_WARN_UNUSED_VARIABLE</key>
				<string>YES</string>
				<key>IPHONEOS_DEPLOYMENT_TARGET</key>
				<string>7.1</string>
				<key>ONLY_ACTIVE_ARCH</key>
				<string>YES</string>
				<key>SDKROOT</key>
				<string>iphoneos</string>
			</dict>
			<key>isa</key>
			<string>XCBuildConfiguration</string>
			<key>name</key>
			<string>Debug</string>
		</dict>
		<key>50797FF319ACF242006CFB17</key>
		<dict>
			<key>buildSettings</key>
			<dict>
				<key>ALWAYS_SEARCH_USER_PATHS</key>
				<string>NO</string>
				<key>CLANG_CXX_LANGUAGE_STANDARD</key>
				<string>gnu++0x</string>
				<key>CLANG_CXX_LIBRARY</key>
				<string>libc++</string>
				<key>CLANG_ENABLE_MODULES</key>
				<string>YES</string>
				<key>CLANG_ENABLE_OBJC_ARC</key>
				<string>YES</string>
				<key>CLANG_WARN_BOOL_CONVERSION</key>
				<string>YES</string>
				<key>CLANG_WARN_CONSTANT_CONVERSION</key>
				<string>YES</string>
				<key>CLANG_WARN_DIRECT_OBJC_ISA_USAGE</key>
				<string>YES_ERROR</string>
				<key>CLANG_WARN_EMPTY_BODY</key>
				<string>YES</string>
				<key>CLANG_WARN_ENUM_CONVERSION</key>
				<string>YES</string>
				<key>CLANG_WARN_INT_CONVERSION</key>
				<string>YES</string>
				<key>CLANG_WARN_OBJC_ROOT_CLASS</key>
				<string>YES_ERROR</string>
				<key>CLANG_WARN__DUPLICATE_METHOD_MATCH</key>
				<string>YES</string>
				<key>CODE_SIGN_IDENTITY[sdk=iphoneos*]</key>
				<string>iPhone Developer</string>
				<key>COPY_PHASE_STRIP</key>
				<string>YES</string>
				<key>ENABLE_NS_ASSERTIONS</key>
				<string>NO</string>
				<key>GCC_C_LANGUAGE_STANDARD</key>
				<string>gnu99</string>
				<key>GCC_WARN_64_TO_32_BIT_CONVERSION</key>
				<string>YES</string>
				<key>GCC_WARN_ABOUT_RETURN_TYPE</key>
				<string>YES_ERROR</string>
				<key>GCC_WARN_UNDECLARED_SELECTOR</key>
				<string>YES</string>
				<key>GCC_WARN_UNINITIALIZED_AUTOS</key>
				<string>YES_AGGRESSIVE</string>
				<key>GCC_WARN_UNUSED_FUNCTION</key>
				<string>YES</string>
				<key>GCC_WARN_UNUSED_VARIABLE</key>
				<string>YES</string>
				<key>IPHONEOS_DEPLOYMENT_TARGET</key>
				<string>7.1</string>
				<key>SDKROOT</key>
				<string>iphoneos</string>
				<key>VALIDATE_PRODUCT</key>
				<string>YES</string>
			</dict>
			<key>isa</key>
			<string>XCBuildConfiguration</string>
			<key>name</key>
			<string>Release</string>
		</dict>
		<key>50797FF419ACF242006CFB17</key>
		<dict>
			<key>buildConfigurations</key>
			<array>
				<string>50797FF519ACF242006CFB17</string>
				<string>50797FF619ACF242006CFB17</string>
			</array>
			<key>defaultConfigurationIsVisible</key>
			<string>0</string>
			<key>isa</key>
			<string>XCConfigurationList</string>
		</dict>
		<key>50797FF519ACF242006CFB17</key>
		<dict>
			<key>baseConfigurationReference</key>
			<string>A002CC68C21C4090BBA2B49D</string>
			<key>buildSettings</key>
			<dict>
				<key>ASSETCATALOG_COMPILER_APPICON_NAME</key>
				<string>AppIcon</string>
				<key>ASSETCATALOG_COMPILER_LAUNCHIMAGE_NAME</key>
				<string>LaunchImage</string>
				<key>GCC_PRECOMPILE_PREFIX_HEADER</key>
				<string>YES</string>
				<key>GCC_PREFIX_HEADER</key>
				<string>HelloThere/HelloThere-Prefix.pch</string>
				<key>INFOPLIST_FILE</key>
				<string>HelloThere/HelloThere-Info.plist</string>
				<key>PRODUCT_NAME</key>
				<string>$(TARGET_NAME)</string>
				<key>WRAPPER_EXTENSION</key>
				<string>app</string>
			</dict>
			<key>isa</key>
			<string>XCBuildConfiguration</string>
			<key>name</key>
			<string>Debug</string>
		</dict>
		<key>50797FF619ACF242006CFB17</key>
		<dict>
			<key>baseConfigurationReference</key>
			<string>A002CC68C21C4090BBA2B49D</string>
			<key>buildSettings</key>
			<dict>
				<key>ASSETCATALOG_COMPILER_APPICON_NAME</key>
				<string>AppIcon</string>
				<key>ASSETCATALOG_COMPILER_LAUNCHIMAGE_NAME</key>
				<string>LaunchImage</string>
				<key>GCC_PRECOMPILE_PREFIX_HEADER</key>
				<string>YES</string>
				<key>GCC_PREFIX_HEADER</key>
				<string>HelloThere/HelloThere-Prefix.pch</string>
				<key>INFOPLIST_FILE</key>
				<string>HelloThere/HelloThere-Info.plist</string>
				<key>PRODUCT_NAME</key>
				<string>$(TARGET_NAME)</string>
				<key>WRAPPER_EXTENSION</key>
				<string>app</string>
			</dict>
			<key>isa</key>
			<string>XCBuildConfiguration</string>
			<key>name</key>
			<string>Release</string>
		</dict>
		<key>50797FF719ACF242006CFB17</key>
		<dict>
			<key>buildConfigurations</key>
			<array>
				<string>50797FF819ACF242006CFB17</string>
				<string>50797FF919ACF242006CFB17</string>
			</array>
			<key>defaultConfigurationIsVisible</key>
			<string>0</string>
			<key>isa</key>
			<string>XCConfigurationList</string>
		</dict>
		<key>50797FF819ACF242006CFB17</key>
		<dict>
			<key>buildSettings</key>
			<dict>
				<key>BUNDLE_LOADER</key>
				<string>$(BUILT_PRODUCTS_DIR)/HelloThere.app/HelloThere</string>
				<key>FRAMEWORK_SEARCH_PATHS</key>
				<array>
					<string>$(SDKROOT)/Developer/Library/Frameworks</string>
					<string>$(inherited)</string>
					<string>$(DEVELOPER_FRAMEWORKS_DIR)</string>
				</array>
				<key>GCC_PRECOMPILE_PREFIX_HEADER</key>
				<string>YES</string>
				<key>GCC_PREFIX_HEADER</key>
				<string>HelloThere/HelloThere-Prefix.pch</string>
				<key>GCC_PREPROCESSOR_DEFINITIONS</key>
				<array>
					<string>DEBUG=1</string>
					<string>$(inherited)</string>
				</array>
				<key>INFOPLIST_FILE</key>
				<string>HelloThereTests/HelloThereTests-Info.plist</string>
				<key>PRODUCT_NAME</key>
				<string>$(TARGET_NAME)</string>
				<key>TEST_HOST</key>
				<string>$(BUNDLE_LOADER)</string>
				<key>WRAPPER_EXTENSION</key>
				<string>xctest</string>
			</dict>
			<key>isa</key>
			<string>XCBuildConfiguration</string>
			<key>name</key>
			<string>Debug</string>
		</dict>
		<key>50797FF919ACF242006CFB17</key>
		<dict>
			<key>buildSettings</key>
			<dict>
				<key>BUNDLE_LOADER</key>
				<string>$(BUILT_PRODUCTS_DIR)/HelloThere.app/HelloThere</string>
				<key>FRAMEWORK_SEARCH_PATHS</key>
				<array>
					<string>$(SDKROOT)/Developer/Library/Frameworks</string>
					<string>$(inherited)</string>
					<string>$(DEVELOPER_FRAMEWORKS_DIR)</string>
				</array>
				<key>GCC_PRECOMPILE_PREFIX_HEADER</key>
				<string>YES</string>
				<key>GCC_PREFIX_HEADER</key>
				<string>HelloThere/HelloThere-Prefix.pch</string>
				<key>INFOPLIST_FILE</key>
				<string>HelloThereTests/HelloThereTests-Info.plist</string>
				<key>PRODUCT_NAME</key>
				<string>$(TARGET_NAME)</string>
				<key>TEST_HOST</key>
				<string>$(BUNDLE_LOADER)</string>
				<key>WRAPPER_EXTENSION</key>
				<string>xctest</string>
			</dict>
			<key>isa</key>
			<string>XCBuildConfiguration</string>
			<key>name</key>
			<string>Release</string>
		</dict>
		<key>A002CC68C21C4090BBA2B49D</key>
		<dict>
			<key>includeInIndex</key>
			<string>1</string>
			<key>isa</key>
			<string>PBXFileReference</string>
			<key>lastKnownFileType</key>
			<string>text.xcconfig</string>
			<key>name</key>
			<string>Pods-HelloThere.xcconfig</string>
			<key>path</key>
			<string>Pods/Pods-HelloThere.xcconfig</string>
			<key>sourceTree</key>
			<string>&lt;group&gt;</string>
		</dict>
		<key>CD92E3D48BFD4448A306FFC8</key>
		<dict>
			<key>buildActionMask</key>
			<string>2147483647</string>
			<key>files</key>
			<array/>
			<key>inputPaths</key>
			<array/>
			<key>isa</key>
			<string>PBXShellScriptBuildPhase</string>
			<key>name</key>
			<string>Copy Pods Resources</string>
			<key>outputPaths</key>
			<array/>
			<key>runOnlyForDeploymentPostprocessing</key>
			<string>0</string>
			<key>shellPath</key>
			<string>/bin/sh</string>
			<key>shellScript</key>
			<string>"${SRCROOT}/Pods/Pods-HelloThere-resources.sh"
</string>
			<key>showEnvVarsInLog</key>
			<string>0</string>
		</dict>
		<key>D52CE27BBD2F46B292B24EC3</key>
		<dict>
			<key>buildActionMask</key>
			<string>2147483647</string>
			<key>files</key>
			<array/>
			<key>inputPaths</key>
			<array/>
			<key>isa</key>
			<string>PBXShellScriptBuildPhase</string>
			<key>name</key>
			<string>Check Pods Manifest.lock</string>
			<key>outputPaths</key>
			<array/>
			<key>runOnlyForDeploymentPostprocessing</key>
			<string>0</string>
			<key>shellPath</key>
			<string>/bin/sh</string>
			<key>shellScript</key>
			<string>diff "${PODS_ROOT}/../Podfile.lock" "${PODS_ROOT}/Manifest.lock" &gt; /dev/null
if [[ $? != 0 ]] ; then
    cat &lt;&lt; EOM
error: The sandbox is not in sync with the Podfile.lock. Run 'pod install' or update your CocoaPods installation.
EOM
    exit 1
fi
</string>
			<key>showEnvVarsInLog</key>
			<string>0</string>
		</dict>
	</dict>
	<key>rootObject</key>
	<string>50797FBA19ACF242006CFB17</string>
</dict>
</plist>
