// !$*UTF8*$!
{
	archiveVersion = 1;
	classes = {
	};
	objectVersion = 46;
	objects = {

/* Begin PBXBuildFile section */
		4B6C414974F744DEB61A0305 /* libPods-HelloThere.a in Frameworks */ = {isa = PBXBuildFile; fileRef = 1C3607B9615A40C3937EE334 /* libPods-HelloThere.a */; };
		50797FC619ACF242006CFB17 /* Foundation.framework in Frameworks */ = {isa = PBXBuildFile; fileRef = 50797FC519ACF242006CFB17 /* Foundation.framework */; };
		50797FC819ACF242006CFB17 /* CoreGraphics.framework in Frameworks */ = {isa = PBXBuildFile; fileRef = 50797FC719ACF242006CFB17 /* CoreGraphics.framework */; };
		50797FCA19ACF242006CFB17 /* UIKit.framework in Frameworks */ = {isa = PBXBuildFile; fileRef = 50797FC919ACF242006CFB17 /* UIKit.framework */; };
		50797FCC19ACF242006CFB17 /* CoreData.framework in Frameworks */ = {isa = PBXBuildFile; fileRef = 50797FCB19ACF242006CFB17 /* CoreData.framework */; };
		50797FD219ACF242006CFB17 /* InfoPlist.strings in Resources */ = {isa = PBXBuildFile; fileRef = 50797FD019ACF242006CFB17 /* InfoPlist.strings */; };
		50797FD419ACF242006CFB17 /* main.m in Sources */ = {isa = PBXBuildFile; fileRef = 50797FD319ACF242006CFB17 /* main.m */; };
		50797FD819ACF242006CFB17 /* _AppDelegate.m in Sources */ = {isa = PBXBuildFile; fileRef = 50797FD719ACF242006CFB17 /* _AppDelegate.m */; };
		50797FDB19ACF242006CFB17 /* HelloThere.xcdatamodeld in Sources */ = {isa = PBXBuildFile; fileRef = 50797FD919ACF242006CFB17 /* HelloThere.xcdatamodeld */; };
		50797FDD19ACF242006CFB17 /* Images.xcassets in Resources */ = {isa = PBXBuildFile; fileRef = 50797FDC19ACF242006CFB17 /* Images.xcassets */; };
		50797FE419ACF242006CFB17 /* XCTest.framework in Frameworks */ = {isa = PBXBuildFile; fileRef = 50797FE319ACF242006CFB17 /* XCTest.framework */; };
		50797FE519ACF242006CFB17 /* Foundation.framework in Frameworks */ = {isa = PBXBuildFile; fileRef = 50797FC519ACF242006CFB17 /* Foundation.framework */; };
		50797FE619ACF242006CFB17 /* UIKit.framework in Frameworks */ = {isa = PBXBuildFile; fileRef = 50797FC919ACF242006CFB17 /* UIKit.framework */; };
		50797FE719ACF242006CFB17 /* CoreData.framework in Frameworks */ = {isa = PBXBuildFile; fileRef = 50797FCB19ACF242006CFB17 /* CoreData.framework */; };
		50797FEF19ACF242006CFB17 /* InfoPlist.strings in Resources */ = {isa = PBXBuildFile; fileRef = 50797FED19ACF242006CFB17 /* InfoPlist.strings */; };
		50797FF119ACF242006CFB17 /* HelloThereTests.m in Sources */ = {isa = PBXBuildFile; fileRef = 50797FF019ACF242006CFB17 /* HelloThereTests.m */; };
		507B7C3319ACFD81004B97DA /* _TabBarController.m in Sources */ = {isa = PBXBuildFile; fileRef = 507B7C3119ACFD81004B97DA /* _TabBarController.m */; };
		507B7C3419ACFD81004B97DA /* _TabBarController.xib in Resources */ = {isa = PBXBuildFile; fileRef = 507B7C3219ACFD81004B97DA /* _TabBarController.xib */; };
		507B7C3719ACFF74004B97DA /* UIViewController+withDefaultNib.m in Sources */ = {isa = PBXBuildFile; fileRef = 507B7C3619ACFF74004B97DA /* UIViewController+withDefaultNib.m */; };
		507B7C3B19AD4A2F004B97DA /* _AccountViewController.m in Sources */ = {isa = PBXBuildFile; fileRef = 507B7C3919AD4A2F004B97DA /* _AccountViewController.m */; };
		507B7C3C19AD4A2F004B97DA /* _AccountViewController.xib in Resources */ = {isa = PBXBuildFile; fileRef = 507B7C3A19AD4A2F004B97DA /* _AccountViewController.xib */; };
		507B7C3F19ADEA5F004B97DA /* UIView+endEditingOnTap.m in Sources */ = {isa = PBXBuildFile; fileRef = 507B7C3E19ADEA5F004B97DA /* UIView+endEditingOnTap.m */; };
		507B7C4219AE0664004B97DA /* _User.m in Sources */ = {isa = PBXBuildFile; fileRef = 507B7C4119AE0664004B97DA /* _User.m */; };
		507B7C4619AE2207004B97DA /* _DiscoverViewController.m in Sources */ = {isa = PBXBuildFile; fileRef = 507B7C4419AE2207004B97DA /* _DiscoverViewController.m */; };
		507B7C4719AE2207004B97DA /* _DiscoverViewController.xib in Resources */ = {isa = PBXBuildFile; fileRef = 507B7C4519AE2207004B97DA /* _DiscoverViewController.xib */; };
		507B7C4B19AE240C004B97DA /* _PlaceCell.m in Sources */ = {isa = PBXBuildFile; fileRef = 507B7C4919AE240C004B97DA /* _PlaceCell.m */; };
		507B7C4C19AE240D004B97DA /* _PlaceCell.xib in Resources */ = {isa = PBXBuildFile; fileRef = 507B7C4A19AE240C004B97DA /* _PlaceCell.xib */; };
		50BC777619AE569D00CA3E62 /* _FeedViewController.m in Sources */ = {isa = PBXBuildFile; fileRef = 50BC777419AE569D00CA3E62 /* _FeedViewController.m */; };
		50BC777719AE569D00CA3E62 /* _FeedViewController.xib in Resources */ = {isa = PBXBuildFile; fileRef = 50BC777519AE569D00CA3E62 /* _FeedViewController.xib */; };
		50BC777B19AE58C800CA3E62 /* _TextMessageCell.m in Sources */ = {isa = PBXBuildFile; fileRef = 50BC777919AE58C800CA3E62 /* _TextMessageCell.m */; };
		50BC777C19AE58C800CA3E62 /* _TextMessageCell.xib in Resources */ = {isa = PBXBuildFile; fileRef = 50BC777A19AE58C800CA3E62 /* _TextMessageCell.xib */; };
/* End PBXBuildFile section */

/* Begin PBXContainerItemProxy section */
		50797FE819ACF242006CFB17 /* PBXContainerItemProxy */ = {
			isa = PBXContainerItemProxy;
			containerPortal = 50797FBA19ACF242006CFB17 /* Project object */;
			proxyType = 1;
			remoteGlobalIDString = 50797FC119ACF242006CFB17;
			remoteInfo = HelloThere;
		};
/* End PBXContainerItemProxy section */

/* Begin PBXFileReference section */
		1C3607B9615A40C3937EE334 /* libPods-HelloThere.a */ = {isa = PBXFileReference; explicitFileType = archive.ar; includeInIndex = 0; path = "libPods-HelloThere.a"; sourceTree = BUILT_PRODUCTS_DIR; };
		50797FC219ACF242006CFB17 /* HelloThere.app */ = {isa = PBXFileReference; explicitFileType = wrapper.application; includeInIndex = 0; path = HelloThere.app; sourceTree = BUILT_PRODUCTS_DIR; };
		50797FC519ACF242006CFB17 /* Foundation.framework */ = {isa = PBXFileReference; lastKnownFileType = wrapper.framework; name = Foundation.framework; path = System/Library/Frameworks/Foundation.framework; sourceTree = SDKROOT; };
		50797FC719ACF242006CFB17 /* CoreGraphics.framework */ = {isa = PBXFileReference; lastKnownFileType = wrapper.framework; name = CoreGraphics.framework; path = System/Library/Frameworks/CoreGraphics.framework; sourceTree = SDKROOT; };
		50797FC919ACF242006CFB17 /* UIKit.framework */ = {isa = PBXFileReference; lastKnownFileType = wrapper.framework; name = UIKit.framework; path = System/Library/Frameworks/UIKit.framework; sourceTree = SDKROOT; };
		50797FCB19ACF242006CFB17 /* CoreData.framework */ = {isa = PBXFileReference; lastKnownFileType = wrapper.framework; name = CoreData.framework; path = System/Library/Frameworks/CoreData.framework; sourceTree = SDKROOT; };
		50797FCF19ACF242006CFB17 /* HelloThere-Info.plist */ = {isa = PBXFileReference; lastKnownFileType = text.plist.xml; path = "HelloThere-Info.plist"; sourceTree = "<group>"; };
		50797FD119ACF242006CFB17 /* en */ = {isa = PBXFileReference; lastKnownFileType = text.plist.strings; name = en; path = en.lproj/InfoPlist.strings; sourceTree = "<group>"; };
		50797FD319ACF242006CFB17 /* main.m */ = {isa = PBXFileReference; lastKnownFileType = sourcecode.c.objc; path = main.m; sourceTree = "<group>"; };
		50797FD519ACF242006CFB17 /* HelloThere-Prefix.pch */ = {isa = PBXFileReference; lastKnownFileType = sourcecode.c.h; path = "HelloThere-Prefix.pch"; sourceTree = "<group>"; };
		50797FD619ACF242006CFB17 /* _AppDelegate.h */ = {isa = PBXFileReference; lastKnownFileType = sourcecode.c.h; path = _AppDelegate.h; sourceTree = "<group>"; };
		50797FD719ACF242006CFB17 /* _AppDelegate.m */ = {isa = PBXFileReference; lastKnownFileType = sourcecode.c.objc; path = _AppDelegate.m; sourceTree = "<group>"; };
		50797FDA19ACF242006CFB17 /* HelloThere.xcdatamodel */ = {isa = PBXFileReference; lastKnownFileType = wrapper.xcdatamodel; path = HelloThere.xcdatamodel; sourceTree = "<group>"; };
		50797FDC19ACF242006CFB17 /* Images.xcassets */ = {isa = PBXFileReference; lastKnownFileType = folder.assetcatalog; path = Images.xcassets; sourceTree = "<group>"; };
		50797FE219ACF242006CFB17 /* HelloThereTests.xctest */ = {isa = PBXFileReference; explicitFileType = wrapper.cfbundle; includeInIndex = 0; path = HelloThereTests.xctest; sourceTree = BUILT_PRODUCTS_DIR; };
		50797FE319ACF242006CFB17 /* XCTest.framework */ = {isa = PBXFileReference; lastKnownFileType = wrapper.framework; name = XCTest.framework; path = Library/Frameworks/XCTest.framework; sourceTree = DEVELOPER_DIR; };
		50797FEC19ACF242006CFB17 /* HelloThereTests-Info.plist */ = {isa = PBXFileReference; lastKnownFileType = text.plist.xml; path = "HelloThereTests-Info.plist"; sourceTree = "<group>"; };
		50797FEE19ACF242006CFB17 /* en */ = {isa = PBXFileReference; lastKnownFileType = text.plist.strings; name = en; path = en.lproj/InfoPlist.strings; sourceTree = "<group>"; };
		50797FF019ACF242006CFB17 /* HelloThereTests.m */ = {isa = PBXFileReference; lastKnownFileType = sourcecode.c.objc; path = HelloThereTests.m; sourceTree = "<group>"; };
		507B7C3019ACFD81004B97DA /* _TabBarController.h */ = {isa = PBXFileReference; fileEncoding = 4; lastKnownFileType = sourcecode.c.h; path = _TabBarController.h; sourceTree = "<group>"; };
		507B7C3119ACFD81004B97DA /* _TabBarController.m */ = {isa = PBXFileReference; fileEncoding = 4; lastKnownFileType = sourcecode.c.objc; path = _TabBarController.m; sourceTree = "<group>"; };
		507B7C3219ACFD81004B97DA /* _TabBarController.xib */ = {isa = PBXFileReference; fileEncoding = 4; lastKnownFileType = file.xib; path = _TabBarController.xib; sourceTree = "<group>"; };
		507B7C3519ACFF74004B97DA /* UIViewController+withDefaultNib.h */ = {isa = PBXFileReference; fileEncoding = 4; lastKnownFileType = sourcecode.c.h; path = "UIViewController+withDefaultNib.h"; sourceTree = "<group>"; };
		507B7C3619ACFF74004B97DA /* UIViewController+withDefaultNib.m */ = {isa = PBXFileReference; fileEncoding = 4; lastKnownFileType = sourcecode.c.objc; path = "UIViewController+withDefaultNib.m"; sourceTree = "<group>"; };
		507B7C3819AD4A2F004B97DA /* _AccountViewController.h */ = {isa = PBXFileReference; fileEncoding = 4; lastKnownFileType = sourcecode.c.h; path = _AccountViewController.h; sourceTree = "<group>"; };
		507B7C3919AD4A2F004B97DA /* _AccountViewController.m */ = {isa = PBXFileReference; fileEncoding = 4; lastKnownFileType = sourcecode.c.objc; path = _AccountViewController.m; sourceTree = "<group>"; };
		507B7C3A19AD4A2F004B97DA /* _AccountViewController.xib */ = {isa = PBXFileReference; fileEncoding = 4; lastKnownFileType = file.xib; path = _AccountViewController.xib; sourceTree = "<group>"; };
		507B7C3D19ADEA5F004B97DA /* UIView+endEditingOnTap.h */ = {isa = PBXFileReference; fileEncoding = 4; lastKnownFileType = sourcecode.c.h; path = "UIView+endEditingOnTap.h"; sourceTree = "<group>"; };
		507B7C3E19ADEA5F004B97DA /* UIView+endEditingOnTap.m */ = {isa = PBXFileReference; fileEncoding = 4; lastKnownFileType = sourcecode.c.objc; path = "UIView+endEditingOnTap.m"; sourceTree = "<group>"; };
		507B7C4019AE0664004B97DA /* _User.h */ = {isa = PBXFileReference; fileEncoding = 4; lastKnownFileType = sourcecode.c.h; path = _User.h; sourceTree = "<group>"; };
		507B7C4119AE0664004B97DA /* _User.m */ = {isa = PBXFileReference; fileEncoding = 4; lastKnownFileType = sourcecode.c.objc; path = _User.m; sourceTree = "<group>"; };
		507B7C4319AE2207004B97DA /* _DiscoverViewController.h */ = {isa = PBXFileReference; fileEncoding = 4; lastKnownFileType = sourcecode.c.h; path = _DiscoverViewController.h; sourceTree = "<group>"; };
		507B7C4419AE2207004B97DA /* _DiscoverViewController.m */ = {isa = PBXFileReference; fileEncoding = 4; lastKnownFileType = sourcecode.c.objc; path = _DiscoverViewController.m; sourceTree = "<group>"; };
		507B7C4519AE2207004B97DA /* _DiscoverViewController.xib */ = {isa = PBXFileReference; fileEncoding = 4; lastKnownFileType = file.xib; path = _DiscoverViewController.xib; sourceTree = "<group>"; };
		507B7C4819AE240C004B97DA /* _PlaceCell.h */ = {isa = PBXFileReference; fileEncoding = 4; lastKnownFileType = sourcecode.c.h; path = _PlaceCell.h; sourceTree = "<group>"; };
		507B7C4919AE240C004B97DA /* _PlaceCell.m */ = {isa = PBXFileReference; fileEncoding = 4; lastKnownFileType = sourcecode.c.objc; path = _PlaceCell.m; sourceTree = "<group>"; };
		507B7C4A19AE240C004B97DA /* _PlaceCell.xib */ = {isa = PBXFileReference; fileEncoding = 4; lastKnownFileType = file.xib; path = _PlaceCell.xib; sourceTree = "<group>"; };
		50BC777319AE569D00CA3E62 /* _FeedViewController.h */ = {isa = PBXFileReference; fileEncoding = 4; lastKnownFileType = sourcecode.c.h; path = _FeedViewController.h; sourceTree = "<group>"; };
		50BC777419AE569D00CA3E62 /* _FeedViewController.m */ = {isa = PBXFileReference; fileEncoding = 4; lastKnownFileType = sourcecode.c.objc; path = _FeedViewController.m; sourceTree = "<group>"; };
		50BC777519AE569D00CA3E62 /* _FeedViewController.xib */ = {isa = PBXFileReference; fileEncoding = 4; lastKnownFileType = file.xib; path = _FeedViewController.xib; sourceTree = "<group>"; };
		50BC777819AE58C800CA3E62 /* _TextMessageCell.h */ = {isa = PBXFileReference; fileEncoding = 4; lastKnownFileType = sourcecode.c.h; path = _TextMessageCell.h; sourceTree = "<group>"; };
		50BC777919AE58C800CA3E62 /* _TextMessageCell.m */ = {isa = PBXFileReference; fileEncoding = 4; lastKnownFileType = sourcecode.c.objc; path = _TextMessageCell.m; sourceTree = "<group>"; };
		50BC777A19AE58C800CA3E62 /* _TextMessageCell.xib */ = {isa = PBXFileReference; fileEncoding = 4; lastKnownFileType = file.xib; path = _TextMessageCell.xib; sourceTree = "<group>"; };
		A002CC68C21C4090BBA2B49D /* Pods-HelloThere.xcconfig */ = {isa = PBXFileReference; includeInIndex = 1; lastKnownFileType = text.xcconfig; name = "Pods-HelloThere.xcconfig"; path = "Pods/Pods-HelloThere.xcconfig"; sourceTree = "<group>"; };
/* End PBXFileReference section */

/* Begin PBXFrameworksBuildPhase section */
		50797FBF19ACF242006CFB17 /* Frameworks */ = {
			isa = PBXFrameworksBuildPhase;
			buildActionMask = 2147483647;
			files = (
				50797FC819ACF242006CFB17 /* CoreGraphics.framework in Frameworks */,
				50797FCC19ACF242006CFB17 /* CoreData.framework in Frameworks */,
				50797FCA19ACF242006CFB17 /* UIKit.framework in Frameworks */,
				50797FC619ACF242006CFB17 /* Foundation.framework in Frameworks */,
				4B6C414974F744DEB61A0305 /* libPods-HelloThere.a in Frameworks */,
			);
			runOnlyForDeploymentPostprocessing = 0;
		};
		50797FDF19ACF242006CFB17 /* Frameworks */ = {
			isa = PBXFrameworksBuildPhase;
			buildActionMask = 2147483647;
			files = (
				50797FE419ACF242006CFB17 /* XCTest.framework in Frameworks */,
				50797FE719ACF242006CFB17 /* CoreData.framework in Frameworks */,
				50797FE619ACF242006CFB17 /* UIKit.framework in Frameworks */,
				50797FE519ACF242006CFB17 /* Foundation.framework in Frameworks */,
			);
			runOnlyForDeploymentPostprocessing = 0;
		};
/* End PBXFrameworksBuildPhase section */

/* Begin PBXGroup section */
		50479DF819ACFB0800971B02 /* Controllers */ = {
			isa = PBXGroup;
			children = (
				507B7C3019ACFD81004B97DA /* _TabBarController.h */,
				507B7C3119ACFD81004B97DA /* _TabBarController.m */,
				507B7C3219ACFD81004B97DA /* _TabBarController.xib */,
				507B7C3819AD4A2F004B97DA /* _AccountViewController.h */,
				507B7C3919AD4A2F004B97DA /* _AccountViewController.m */,
				507B7C3A19AD4A2F004B97DA /* _AccountViewController.xib */,
				507B7C4319AE2207004B97DA /* _DiscoverViewController.h */,
				507B7C4419AE2207004B97DA /* _DiscoverViewController.m */,
				507B7C4519AE2207004B97DA /* _DiscoverViewController.xib */,
				50BC777319AE569D00CA3E62 /* _FeedViewController.h */,
				50BC777419AE569D00CA3E62 /* _FeedViewController.m */,
				50BC777519AE569D00CA3E62 /* _FeedViewController.xib */,
			);
			path = Controllers;
			sourceTree = "<group>";
		};
		50479DF919ACFB1000971B02 /* Views */ = {
			isa = PBXGroup;
			children = (
				507B7C4819AE240C004B97DA /* _PlaceCell.h */,
				507B7C4919AE240C004B97DA /* _PlaceCell.m */,
				507B7C4A19AE240C004B97DA /* _PlaceCell.xib */,
				50BC777819AE58C800CA3E62 /* _TextMessageCell.h */,
				50BC777919AE58C800CA3E62 /* _TextMessageCell.m */,
				50BC777A19AE58C800CA3E62 /* _TextMessageCell.xib */,
			);
			path = Views;
			sourceTree = "<group>";
		};
		50479DFA19ACFB1700971B02 /* Models */ = {
			isa = PBXGroup;
			children = (
				507B7C4019AE0664004B97DA /* _User.h */,
				507B7C4119AE0664004B97DA /* _User.m */,
			);
			path = Models;
			sourceTree = "<group>";
		};
		50479DFB19ACFB4F00971B02 /* Categories */ = {
			isa = PBXGroup;
			children = (
				507B7C3519ACFF74004B97DA /* UIViewController+withDefaultNib.h */,
				507B7C3619ACFF74004B97DA /* UIViewController+withDefaultNib.m */,
				507B7C3D19ADEA5F004B97DA /* UIView+endEditingOnTap.h */,
				507B7C3E19ADEA5F004B97DA /* UIView+endEditingOnTap.m */,
			);
			path = Categories;
			sourceTree = "<group>";
		};
		50797FB919ACF242006CFB17 = {
			isa = PBXGroup;
			children = (
				50797FCD19ACF242006CFB17 /* HelloThere */,
				50797FEA19ACF242006CFB17 /* HelloThereTests */,
				50797FC419ACF242006CFB17 /* Frameworks */,
				50797FC319ACF242006CFB17 /* Products */,
				A002CC68C21C4090BBA2B49D /* Pods-HelloThere.xcconfig */,
			);
			sourceTree = "<group>";
		};
		50797FC319ACF242006CFB17 /* Products */ = {
			isa = PBXGroup;
			children = (
				50797FC219ACF242006CFB17 /* HelloThere.app */,
				50797FE219ACF242006CFB17 /* HelloThereTests.xctest */,
			);
			name = Products;
			sourceTree = "<group>";
		};
		50797FC419ACF242006CFB17 /* Frameworks */ = {
			isa = PBXGroup;
			children = (
				50797FC519ACF242006CFB17 /* Foundation.framework */,
				50797FC719ACF242006CFB17 /* CoreGraphics.framework */,
				50797FC919ACF242006CFB17 /* UIKit.framework */,
				50797FCB19ACF242006CFB17 /* CoreData.framework */,
				50797FE319ACF242006CFB17 /* XCTest.framework */,
				1C3607B9615A40C3937EE334 /* libPods-HelloThere.a */,
			);
			name = Frameworks;
			sourceTree = "<group>";
		};
		50797FCD19ACF242006CFB17 /* HelloThere */ = {
			isa = PBXGroup;
			children = (
				50797FD619ACF242006CFB17 /* _AppDelegate.h */,
				50797FD719ACF242006CFB17 /* _AppDelegate.m */,
				50797FDC19ACF242006CFB17 /* Images.xcassets */,
				50797FD919ACF242006CFB17 /* HelloThere.xcdatamodeld */,
				50479DF919ACFB1000971B02 /* Views */,
				50479DF819ACFB0800971B02 /* Controllers */,
				50479DFA19ACFB1700971B02 /* Models */,
				50479DFB19ACFB4F00971B02 /* Categories */,
				50797FCE19ACF242006CFB17 /* Supporting Files */,
			);
			path = HelloThere;
			sourceTree = "<group>";
		};
		50797FCE19ACF242006CFB17 /* Supporting Files */ = {
			isa = PBXGroup;
			children = (
				50797FCF19ACF242006CFB17 /* HelloThere-Info.plist */,
				50797FD019ACF242006CFB17 /* InfoPlist.strings */,
				50797FD319ACF242006CFB17 /* main.m */,
				50797FD519ACF242006CFB17 /* HelloThere-Prefix.pch */,
			);
			name = "Supporting Files";
			sourceTree = "<group>";
		};
		50797FEA19ACF242006CFB17 /* HelloThereTests */ = {
			isa = PBXGroup;
			children = (
				50797FF019ACF242006CFB17 /* HelloThereTests.m */,
				50797FEB19ACF242006CFB17 /* Supporting Files */,
			);
			path = HelloThereTests;
			sourceTree = "<group>";
		};
		50797FEB19ACF242006CFB17 /* Supporting Files */ = {
			isa = PBXGroup;
			children = (
				50797FEC19ACF242006CFB17 /* HelloThereTests-Info.plist */,
				50797FED19ACF242006CFB17 /* InfoPlist.strings */,
			);
			name = "Supporting Files";
			sourceTree = "<group>";
		};
/* End PBXGroup section */

/* Begin PBXNativeTarget section */
		50797FC119ACF242006CFB17 /* HelloThere */ = {
			isa = PBXNativeTarget;
			buildConfigurationList = 50797FF419ACF242006CFB17 /* Build configuration list for PBXNativeTarget "HelloThere" */;
			buildPhases = (
				D52CE27BBD2F46B292B24EC3 /* Check Pods Manifest.lock */,
				50797FBE19ACF242006CFB17 /* Sources */,
				50797FBF19ACF242006CFB17 /* Frameworks */,
				50797FC019ACF242006CFB17 /* Resources */,
				CD92E3D48BFD4448A306FFC8 /* Copy Pods Resources */,
			);
			buildRules = (
			);
			dependencies = (
			);
			name = HelloThere;
			productName = HelloThere;
			productReference = 50797FC219ACF242006CFB17 /* HelloThere.app */;
			productType = "com.apple.product-type.application";
		};
		50797FE119ACF242006CFB17 /* HelloThereTests */ = {
			isa = PBXNativeTarget;
			buildConfigurationList = 50797FF719ACF242006CFB17 /* Build configuration list for PBXNativeTarget "HelloThereTests" */;
			buildPhases = (
				50797FDE19ACF242006CFB17 /* Sources */,
				50797FDF19ACF242006CFB17 /* Frameworks */,
				50797FE019ACF242006CFB17 /* Resources */,
			);
			buildRules = (
			);
			dependencies = (
				50797FE919ACF242006CFB17 /* PBXTargetDependency */,
			);
			name = HelloThereTests;
			productName = HelloThereTests;
			productReference = 50797FE219ACF242006CFB17 /* HelloThereTests.xctest */;
			productType = "com.apple.product-type.bundle.unit-test";
		};
/* End PBXNativeTarget section */

/* Begin PBXProject section */
		50797FBA19ACF242006CFB17 /* Project object */ = {
			isa = PBXProject;
			attributes = {
				CLASSPREFIX = _;
				LastUpgradeCheck = 0510;
				ORGANIZATIONNAME = debona;
				TargetAttributes = {
					50797FE119ACF242006CFB17 = {
						TestTargetID = 50797FC119ACF242006CFB17;
					};
				};
			};
			buildConfigurationList = 50797FBD19ACF242006CFB17 /* Build configuration list for PBXProject "HelloThere" */;
			compatibilityVersion = "Xcode 3.2";
			developmentRegion = English;
			hasScannedForEncodings = 0;
			knownRegions = (
				en,
			);
			mainGroup = 50797FB919ACF242006CFB17;
			productRefGroup = 50797FC319ACF242006CFB17 /* Products */;
			projectDirPath = "";
			projectRoot = "";
			targets = (
				50797FC119ACF242006CFB17 /* HelloThere */,
				50797FE119ACF242006CFB17 /* HelloThereTests */,
			);
		};
/* End PBXProject section */

/* Begin PBXResourcesBuildPhase section */
		50797FC019ACF242006CFB17 /* Resources */ = {
			isa = PBXResourcesBuildPhase;
			buildActionMask = 2147483647;
			files = (
				50BC777719AE569D00CA3E62 /* _FeedViewController.xib in Resources */,
				507B7C3419ACFD81004B97DA /* _TabBarController.xib in Resources */,
				50797FD219ACF242006CFB17 /* InfoPlist.strings in Resources */,
				507B7C3C19AD4A2F004B97DA /* _AccountViewController.xib in Resources */,
				507B7C4C19AE240D004B97DA /* _PlaceCell.xib in Resources */,
				50BC777C19AE58C800CA3E62 /* _TextMessageCell.xib in Resources */,
				507B7C4719AE2207004B97DA /* _DiscoverViewController.xib in Resources */,
				50797FDD19ACF242006CFB17 /* Images.xcassets in Resources */,
			);
			runOnlyForDeploymentPostprocessing = 0;
		};
		50797FE019ACF242006CFB17 /* Resources */ = {
			isa = PBXResourcesBuildPhase;
			buildActionMask = 2147483647;
			files = (
				50797FEF19ACF242006CFB17 /* InfoPlist.strings in Resources */,
			);
			runOnlyForDeploymentPostprocessing = 0;
		};
/* End PBXResourcesBuildPhase section */

/* Begin PBXShellScriptBuildPhase section */
		CD92E3D48BFD4448A306FFC8 /* Copy Pods Resources */ = {
			isa = PBXShellScriptBuildPhase;
			buildActionMask = 2147483647;
			files = (
			);
			inputPaths = (
			);
			name = "Copy Pods Resources";
			outputPaths = (
			);
			runOnlyForDeploymentPostprocessing = 0;
			shellPath = /bin/sh;
			shellScript = "\"${SRCROOT}/Pods/Pods-HelloThere-resources.sh\"\n";
			showEnvVarsInLog = 0;
		};
		D52CE27BBD2F46B292B24EC3 /* Check Pods Manifest.lock */ = {
			isa = PBXShellScriptBuildPhase;
			buildActionMask = 2147483647;
			files = (
			);
			inputPaths = (
			);
			name = "Check Pods Manifest.lock";
			outputPaths = (
			);
			runOnlyForDeploymentPostprocessing = 0;
			shellPath = /bin/sh;
			shellScript = "diff \"${PODS_ROOT}/../Podfile.lock\" \"${PODS_ROOT}/Manifest.lock\" > /dev/null\nif [[ $? != 0 ]] ; then\n    cat << EOM\nerror: The sandbox is not in sync with the Podfile.lock. Run 'pod install' or update your CocoaPods installation.\nEOM\n    exit 1\nfi\n";
			showEnvVarsInLog = 0;
		};
/* End PBXShellScriptBuildPhase section */

/* Begin PBXSourcesBuildPhase section */
		50797FBE19ACF242006CFB17 /* Sources */ = {
			isa = PBXSourcesBuildPhase;
			buildActionMask = 2147483647;
			files = (
				507B7C4219AE0664004B97DA /* _User.m in Sources */,
				50BC777B19AE58C800CA3E62 /* _TextMessageCell.m in Sources */,
				507B7C4619AE2207004B97DA /* _DiscoverViewController.m in Sources */,
				50797FD819ACF242006CFB17 /* _AppDelegate.m in Sources */,
				50BC777619AE569D00CA3E62 /* _FeedViewController.m in Sources */,
				507B7C3719ACFF74004B97DA /* UIViewController+withDefaultNib.m in Sources */,
				507B7C3F19ADEA5F004B97DA /* UIView+endEditingOnTap.m in Sources */,
				507B7C3B19AD4A2F004B97DA /* _AccountViewController.m in Sources */,
				507B7C3319ACFD81004B97DA /* _TabBarController.m in Sources */,
				507B7C4B19AE240C004B97DA /* _PlaceCell.m in Sources */,
				50797FDB19ACF242006CFB17 /* HelloThere.xcdatamodeld in Sources */,
				50797FD419ACF242006CFB17 /* main.m in Sources */,
			);
			runOnlyForDeploymentPostprocessing = 0;
		};
		50797FDE19ACF242006CFB17 /* Sources */ = {
			isa = PBXSourcesBuildPhase;
			buildActionMask = 2147483647;
			files = (
				50797FF119ACF242006CFB17 /* HelloThereTests.m in Sources */,
			);
			runOnlyForDeploymentPostprocessing = 0;
		};
/* End PBXSourcesBuildPhase section */

/* Begin PBXTargetDependency section */
		50797FE919ACF242006CFB17 /* PBXTargetDependency */ = {
			isa = PBXTargetDependency;
			target = 50797FC119ACF242006CFB17 /* HelloThere */;
			targetProxy = 50797FE819ACF242006CFB17 /* PBXContainerItemProxy */;
		};
/* End PBXTargetDependency section */

/* Begin PBXVariantGroup section */
		50797FD019ACF242006CFB17 /* InfoPlist.strings */ = {
			isa = PBXVariantGroup;
			children = (
				50797FD119ACF242006CFB17 /* en */,
			);
			name = InfoPlist.strings;
			sourceTree = "<group>";
		};
		50797FED19ACF242006CFB17 /* InfoPlist.strings */ = {
			isa = PBXVariantGroup;
			children = (
				50797FEE19ACF242006CFB17 /* en */,
			);
			name = InfoPlist.strings;
			sourceTree = "<group>";
		};
/* End PBXVariantGroup section */

/* Begin XCBuildConfiguration section */
		50797FF219ACF242006CFB17 /* Debug */ = {
			isa = XCBuildConfiguration;
			buildSettings = {
				ALWAYS_SEARCH_USER_PATHS = NO;
				CLANG_CXX_LANGUAGE_STANDARD = "gnu++0x";
				CLANG_CXX_LIBRARY = "libc++";
				CLANG_ENABLE_MODULES = YES;
				CLANG_ENABLE_OBJC_ARC = YES;
				CLANG_WARN_BOOL_CONVERSION = YES;
				CLANG_WARN_CONSTANT_CONVERSION = YES;
				CLANG_WARN_DIRECT_OBJC_ISA_USAGE = YES_ERROR;
				CLANG_WARN_EMPTY_BODY = YES;
				CLANG_WARN_ENUM_CONVERSION = YES;
				CLANG_WARN_INT_CONVERSION = YES;
				CLANG_WARN_OBJC_ROOT_CLASS = YES_ERROR;
				CLANG_WARN__DUPLICATE_METHOD_MATCH = YES;
				"CODE_SIGN_IDENTITY[sdk=iphoneos*]" = "iPhone Developer";
				COPY_PHASE_STRIP = NO;
				GCC_C_LANGUAGE_STANDARD = gnu99;
				GCC_DYNAMIC_NO_PIC = NO;
				GCC_OPTIMIZATION_LEVEL = 0;
				GCC_PREPROCESSOR_DEFINITIONS = (
					"DEBUG=1",
					"$(inherited)",
				);
				GCC_SYMBOLS_PRIVATE_EXTERN = NO;
				GCC_WARN_64_TO_32_BIT_CONVERSION = YES;
				GCC_WARN_ABOUT_RETURN_TYPE = YES_ERROR;
				GCC_WARN_UNDECLARED_SELECTOR = YES;
				GCC_WARN_UNINITIALIZED_AUTOS = YES_AGGRESSIVE;
				GCC_WARN_UNUSED_FUNCTION = YES;
				GCC_WARN_UNUSED_VARIABLE = YES;
				IPHONEOS_DEPLOYMENT_TARGET = 7.1;
				ONLY_ACTIVE_ARCH = YES;
				SDKROOT = iphoneos;
			};
			name = Debug;
		};
		50797FF319ACF242006CFB17 /* Release */ = {
			isa = XCBuildConfiguration;
			buildSettings = {
				ALWAYS_SEARCH_USER_PATHS = NO;
				CLANG_CXX_LANGUAGE_STANDARD = "gnu++0x";
				CLANG_CXX_LIBRARY = "libc++";
				CLANG_ENABLE_MODULES = YES;
				CLANG_ENABLE_OBJC_ARC = YES;
				CLANG_WARN_BOOL_CONVERSION = YES;
				CLANG_WARN_CONSTANT_CONVERSION = YES;
				CLANG_WARN_DIRECT_OBJC_ISA_USAGE = YES_ERROR;
				CLANG_WARN_EMPTY_BODY = YES;
				CLANG_WARN_ENUM_CONVERSION = YES;
				CLANG_WARN_INT_CONVERSION = YES;
				CLANG_WARN_OBJC_ROOT_CLASS = YES_ERROR;
				CLANG_WARN__DUPLICATE_METHOD_MATCH = YES;
				"CODE_SIGN_IDENTITY[sdk=iphoneos*]" = "iPhone Developer";
				COPY_PHASE_STRIP = YES;
				ENABLE_NS_ASSERTIONS = NO;
				GCC_C_LANGUAGE_STANDARD = gnu99;
				GCC_WARN_64_TO_32_BIT_CONVERSION = YES;
				GCC_WARN_ABOUT_RETURN_TYPE = YES_ERROR;
				GCC_WARN_UNDECLARED_SELECTOR = YES;
				GCC_WARN_UNINITIALIZED_AUTOS = YES_AGGRESSIVE;
				GCC_WARN_UNUSED_FUNCTION = YES;
				GCC_WARN_UNUSED_VARIABLE = YES;
				IPHONEOS_DEPLOYMENT_TARGET = 7.1;
				SDKROOT = iphoneos;
				VALIDATE_PRODUCT = YES;
			};
			name = Release;
		};
		50797FF519ACF242006CFB17 /* Debug */ = {
			isa = XCBuildConfiguration;
			baseConfigurationReference = A002CC68C21C4090BBA2B49D /* Pods-HelloThere.xcconfig */;
			buildSettings = {
				ASSETCATALOG_COMPILER_APPICON_NAME = AppIcon;
				ASSETCATALOG_COMPILER_LAUNCHIMAGE_NAME = LaunchImage;
				GCC_PRECOMPILE_PREFIX_HEADER = YES;
				GCC_PREFIX_HEADER = "HelloThere/HelloThere-Prefix.pch";
				INFOPLIST_FILE = "HelloThere/HelloThere-Info.plist";
				PRODUCT_NAME = "$(TARGET_NAME)";
				WRAPPER_EXTENSION = app;
			};
			name = Debug;
		};
		50797FF619ACF242006CFB17 /* Release */ = {
			isa = XCBuildConfiguration;
			baseConfigurationReference = A002CC68C21C4090BBA2B49D /* Pods-HelloThere.xcconfig */;
			buildSettings = {
				ASSETCATALOG_COMPILER_APPICON_NAME = AppIcon;
				ASSETCATALOG_COMPILER_LAUNCHIMAGE_NAME = LaunchImage;
				GCC_PRECOMPILE_PREFIX_HEADER = YES;
				GCC_PREFIX_HEADER = "HelloThere/HelloThere-Prefix.pch";
				INFOPLIST_FILE = "HelloThere/HelloThere-Info.plist";
				PRODUCT_NAME = "$(TARGET_NAME)";
				WRAPPER_EXTENSION = app;
			};
			name = Release;
		};
		50797FF819ACF242006CFB17 /* Debug */ = {
			isa = XCBuildConfiguration;
			buildSettings = {
				BUNDLE_LOADER = "$(BUILT_PRODUCTS_DIR)/HelloThere.app/HelloThere";
				FRAMEWORK_SEARCH_PATHS = (
					"$(SDKROOT)/Developer/Library/Frameworks",
					"$(inherited)",
					"$(DEVELOPER_FRAMEWORKS_DIR)",
				);
				GCC_PRECOMPILE_PREFIX_HEADER = YES;
				GCC_PREFIX_HEADER = "HelloThere/HelloThere-Prefix.pch";
				GCC_PREPROCESSOR_DEFINITIONS = (
					"DEBUG=1",
					"$(inherited)",
				);
				INFOPLIST_FILE = "HelloThereTests/HelloThereTests-Info.plist";
				PRODUCT_NAME = "$(TARGET_NAME)";
				TEST_HOST = "$(BUNDLE_LOADER)";
				WRAPPER_EXTENSION = xctest;
			};
			name = Debug;
		};
		50797FF919ACF242006CFB17 /* Release */ = {
			isa = XCBuildConfiguration;
			buildSettings = {
				BUNDLE_LOADER = "$(BUILT_PRODUCTS_DIR)/HelloThere.app/HelloThere";
				FRAMEWORK_SEARCH_PATHS = (
					"$(SDKROOT)/Developer/Library/Frameworks",
					"$(inherited)",
					"$(DEVELOPER_FRAMEWORKS_DIR)",
				);
				GCC_PRECOMPILE_PREFIX_HEADER = YES;
				GCC_PREFIX_HEADER = "HelloThere/HelloThere-Prefix.pch";
				INFOPLIST_FILE = "HelloThereTests/HelloThereTests-Info.plist";
				PRODUCT_NAME = "$(TARGET_NAME)";
				TEST_HOST = "$(BUNDLE_LOADER)";
				WRAPPER_EXTENSION = xctest;
			};
			name = Release;
		};
/* End XCBuildConfiguration section */

/* Begin XCConfigurationList section */
		50797FBD19ACF242006CFB17 /* Build configuration list for PBXProject "HelloThere" */ = {
			isa = XCConfigurationList;
			buildConfigurations = (
				50797FF219ACF242006CFB17 /* Debug */,
				50797FF319ACF242006CFB17 /* Release */,
			);
			defaultConfigurationIsVisible = 0;
			defaultConfigurationName = Release;
		};
		50797FF419ACF242006CFB17 /* Build configuration list for PBXNativeTarget "HelloThere" */ = {
			isa = XCConfigurationList;
			buildConfigurations = (
				50797FF519ACF242006CFB17 /* Debug */,
				50797FF619ACF242006CFB17 /* Release */,
			);
			defaultConfigurationIsVisible = 0;
			defaultConfigurationName = Release;
		};
		50797FF719ACF242006CFB17 /* Build configuration list for PBXNativeTarget "HelloThereTests" */ = {
			isa = XCConfigurationList;
			buildConfigurations = (
				50797FF819ACF242006CFB17 /* Debug */,
				50797FF919ACF242006CFB17 /* Release */,
			);
			defaultConfigurationIsVisible = 0;
			defaultConfigurationName = Release;
		};
/* End XCConfigurationList section */

/* Begin XCVersionGroup section */
		50797FD919ACF242006CFB17 /* HelloThere.xcdatamodeld */ = {
			isa = XCVersionGroup;
			children = (
				50797FDA19ACF242006CFB17 /* HelloThere.xcdatamodel */,
			);
			currentVersion = 50797FDA19ACF242006CFB17 /* HelloThere.xcdatamodel */;
			path = HelloThere.xcdatamodeld;
			sourceTree = "<group>";
			versionGroupType = wrapper.xcdatamodel;
		};
/* End XCVersionGroup section */
	};
	rootObject = 50797FBA19ACF242006CFB17 /* Project object */;
}
